
Microsoft Visual Studio Solution File, Format Version 12.00
# Visual Studio Version 17
VisualStudioVersion = 17.1.32210.238
MinimumVisualStudioVersion = 10.0.40219.1
Project("{2150E333-8FDC-42A3-9474-1A3956D46DE8}") = "Services", "Services", "{E1A24387-3DEF-442B-9588-6757112F6E67}"
EndProject
Project("{2150E333-8FDC-42A3-9474-1A3956D46DE8}") = "Catalog", "Catalog", "{CD48E22F-BE2A-430B-9B88-28FE7B2F7BA4}"
EndProject
Project("{9A19103F-16F7-4668-BE54-9A1E7A4F7556}") = "Catalog.API", "Services\Catalog\Catalog.API\Catalog.API.csproj", "{D6B8C36D-178A-4C1B-9B07-E3C14691BC1A}"
EndProject
Project("{E53339B2-1760-4266-BCC7-CA923CBCF16C}") = "docker-compose", "docker-compose.dcproj", "{C1E44F07-EAF7-4A00-B7CC-485D8312E664}"
EndProject
Project("{2150E333-8FDC-42A3-9474-1A3956D46DE8}") = "Basket", "Basket", "{123A57D8-3B7C-443B-932F-2FADD8CF1349}"
EndProject
Project("{9A19103F-16F7-4668-BE54-9A1E7A4F7556}") = "Basket.API", "Services\Basket\Basket.API\Basket.API.csproj", "{568D9BE4-2EE5-4F46-A97A-D77ED0A1F559}"
EndProject
Project("{2150E333-8FDC-42A3-9474-1A3956D46DE8}") = "Discount", "Discount", "{60AD3EAD-47FB-4CDB-81EF-A1D8C56CC2EF}"
EndProject
Project("{9A19103F-16F7-4668-BE54-9A1E7A4F7556}") = "Discount.API", "Services\Discount\Discount.API\Discount.API.csproj", "{CBAF220D-BC6E-499C-8A6B-2D1EB121B03D}"
EndProject
Project("{FAE04EC0-301F-11D3-BF4B-00C04F79EFBC}") = "Discount.Grpc", "..\Services\Discount\Discount.Grpc\Discount.Grpc.csproj", "{DC346F49-E643-4B36-BB4D-C331420BA512}"
EndProject
Global
	GlobalSection(SolutionConfigurationPlatforms) = preSolution
		Debug|Any CPU = Debug|Any CPU
		Release|Any CPU = Release|Any CPU
	EndGlobalSection
	GlobalSection(ProjectConfigurationPlatforms) = postSolution
		{D6B8C36D-178A-4C1B-9B07-E3C14691BC1A}.Debug|Any CPU.ActiveCfg = Debug|Any CPU
		{D6B8C36D-178A-4C1B-9B07-E3C14691BC1A}.Debug|Any CPU.Build.0 = Debug|Any CPU
		{D6B8C36D-178A-4C1B-9B07-E3C14691BC1A}.Release|Any CPU.ActiveCfg = Release|Any CPU
		{D6B8C36D-178A-4C1B-9B07-E3C14691BC1A}.Release|Any CPU.Build.0 = Release|Any CPU
		{C1E44F07-EAF7-4A00-B7CC-485D8312E664}.Debug|Any CPU.ActiveCfg = Debug|Any CPU
		{C1E44F07-EAF7-4A00-B7CC-485D8312E664}.Debug|Any CPU.Build.0 = Debug|Any CPU
		{C1E44F07-EAF7-4A00-B7CC-485D8312E664}.Release|Any CPU.ActiveCfg = Release|Any CPU
		{C1E44F07-EAF7-4A00-B7CC-485D8312E664}.Release|Any CPU.Build.0 = Release|Any CPU
		{568D9BE4-2EE5-4F46-A97A-D77ED0A1F559}.Debug|Any CPU.ActiveCfg = Debug|Any CPU
		{568D9BE4-2EE5-4F46-A97A-D77ED0A1F559}.Debug|Any CPU.Build.0 = Debug|Any CPU
		{568D9BE4-2EE5-4F46-A97A-D77ED0A1F559}.Release|Any CPU.ActiveCfg = Release|Any CPU
		{568D9BE4-2EE5-4F46-A97A-D77ED0A1F559}.Release|Any CPU.Build.0 = Release|Any CPU
		{CBAF220D-BC6E-499C-8A6B-2D1EB121B03D}.Debug|Any CPU.ActiveCfg = Debug|Any CPU
		{CBAF220D-BC6E-499C-8A6B-2D1EB121B03D}.Debug|Any CPU.Build.0 = Debug|Any CPU
		{CBAF220D-BC6E-499C-8A6B-2D1EB121B03D}.Release|Any CPU.ActiveCfg = Release|Any CPU
		{CBAF220D-BC6E-499C-8A6B-2D1EB121B03D}.Release|Any CPU.Build.0 = Release|Any CPU
		{DC346F49-E643-4B36-BB4D-C331420BA512}.Debug|Any CPU.ActiveCfg = Debug|Any CPU
		{DC346F49-E643-4B36-BB4D-C331420BA512}.Debug|Any CPU.Build.0 = Debug|Any CPU
		{DC346F49-E643-4B36-BB4D-C331420BA512}.Release|Any CPU.ActiveCfg = Release|Any CPU
		{DC346F49-E643-4B36-BB4D-C331420BA512}.Release|Any CPU.Build.0 = Release|Any CPU
	EndGlobalSection
	GlobalSection(SolutionProperties) = preSolution
		HideSolutionNode = FALSE
	EndGlobalSection
	GlobalSection(NestedProjects) = preSolution
		{CD48E22F-BE2A-430B-9B88-28FE7B2F7BA4} = {E1A24387-3DEF-442B-9588-6757112F6E67}
		{D6B8C36D-178A-4C1B-9B07-E3C14691BC1A} = {CD48E22F-BE2A-430B-9B88-28FE7B2F7BA4}
		{123A57D8-3B7C-443B-932F-2FADD8CF1349} = {E1A24387-3DEF-442B-9588-6757112F6E67}
		{568D9BE4-2EE5-4F46-A97A-D77ED0A1F559} = {123A57D8-3B7C-443B-932F-2FADD8CF1349}
		{60AD3EAD-47FB-4CDB-81EF-A1D8C56CC2EF} = {E1A24387-3DEF-442B-9588-6757112F6E67}
		{CBAF220D-BC6E-499C-8A6B-2D1EB121B03D} = {60AD3EAD-47FB-4CDB-81EF-A1D8C56CC2EF}
		{DC346F49-E643-4B36-BB4D-C331420BA512} = {60AD3EAD-47FB-4CDB-81EF-A1D8C56CC2EF}
	EndGlobalSection
	GlobalSection(ExtensibilityGlobals) = postSolution
		SolutionGuid = {7EB29E2D-F705-42EE-85EE-1FF11E7D5DE1}
	EndGlobalSection
EndGlobal
